PODS:
  - AllowX (0.1.0):
    - SwiftEntryKit (= 1.2.3)
  - QuickLayout (3.0.0)
  - SwiftEntryKit (1.2.3):
    - QuickLayout (= 3.0.0)

DEPENDENCIES:
  - AllowX (from `../`)

SPEC REPOS:
  trunk:
    - QuickLayout
    - SwiftEntryKit

EXTERNAL SOURCES:
  AllowX:
    :path: "../"

SPEC CHECKSUMS:
  AllowX: 0d82d81b90d0f30e62234301223e46391c7432e6
  QuickLayout: 07b45a72b10083fee3f095990cfed1c1e7b27f0a
  SwiftEntryKit: 340713c2e4a6662c5149629990bf1088bf5f0389

PODFILE CHECKSUM: 7334fcae3b0baa352064d1c2abefd8545e2efbca

COCOAPODS: 1.9.3
